
Microsoft Visual Studio Solution File, Format Version 12.00
# Visual Studio 15
VisualStudioVersion = 15.0.27428.2037
MinimumVisualStudioVersion = 10.0.40219.1
Project("{FAE04EC0-301F-11D3-BF4B-00C04F79EFBC}") = "WPF", "WPF\WPF.csproj", "{253BE8C8-865C-48F6-8BF3-BA1FBFE30F91}"
EndProject
Project("{FAE04EC0-301F-11D3-BF4B-00C04F79EFBC}") = "ProjectTest", "ProjectTest\ProjectTest.csproj", "{DBB50FD1-0DF2-4B9D-A3B6-4152190C09D1}"
EndProject
Project("{FAE04EC0-301F-11D3-BF4B-00C04F79EFBC}") = "CLI", "CLI\CLI.csproj", "{FBB9883D-50FA-4AFB-9155-711B6B340ACE}"
EndProject
Project("{FAE04EC0-301F-11D3-BF4B-00C04F79EFBC}") = "Model", "Model\Model.csproj", "{5959593D-9565-46CD-BE35-983E93145117}"
EndProject
Project("{FAE04EC0-301F-11D3-BF4B-00C04F79EFBC}") = "ViewModel", "ViewModel\ViewModel.csproj", "{51B15253-D924-4F13-BB50-25B221CBC86B}"
EndProject
Project("{FAE04EC0-301F-11D3-BF4B-00C04F79EFBC}") = "MEFDefinitions", "MEFDefinitions\MEFDefinitions.csproj", "{130FE00A-39E7-4462-A52A-5614B4F5CF74}"
EndProject
Project("{FAE04EC0-301F-11D3-BF4B-00C04F79EFBC}") = "FileLogger", "FileLogger\FileLogger.csproj", "{DA94C957-0878-4AC5-9275-A29114134B58}"
EndProject
Project("{FAE04EC0-301F-11D3-BF4B-00C04F79EFBC}") = "DataBaseLogger", "DataBaseLogger\DataBaseLogger.csproj", "{AD5BC3BE-1A4B-48D7-8B93-AC5EA8B3D0E1}"
EndProject
Project("{FAE04EC0-301F-11D3-BF4B-00C04F79EFBC}") = "DataBaseRepository", "DataBaseRepository\DataBaseRepository.csproj", "{068D257F-C93F-47EC-ACC6-5DBC014B2683}"
EndProject
Project("{FAE04EC0-301F-11D3-BF4B-00C04F79EFBC}") = "XmlRepository", "XmlRepository\XmlRepository.csproj", "{06BA183D-4201-4954-8609-A543FD863211}"
EndProject
Project("{FAE04EC0-301F-11D3-BF4B-00C04F79EFBC}") = "DataBase", "DataBase\DataBase.csproj", "{4727780E-A4BE-46E3-B414-BD3A8BDD5BD0}"
EndProject
Project("{FAE04EC0-301F-11D3-BF4B-00C04F79EFBC}") = "XmlSerializationSurrogates", "XmlSerializationSurrogates\XmlSerializationSurrogates.csproj", "{B32E9F62-6340-4F2F-BDE2-126B8E1BA1C7}"
EndProject
Global
	GlobalSection(SolutionConfigurationPlatforms) = preSolution
		Debug|Any CPU = Debug|Any CPU
		Release|Any CPU = Release|Any CPU
	EndGlobalSection
	GlobalSection(ProjectConfigurationPlatforms) = postSolution
		{253BE8C8-865C-48F6-8BF3-BA1FBFE30F91}.Debug|Any CPU.ActiveCfg = Debug|Any CPU
		{253BE8C8-865C-48F6-8BF3-BA1FBFE30F91}.Debug|Any CPU.Build.0 = Debug|Any CPU
		{253BE8C8-865C-48F6-8BF3-BA1FBFE30F91}.Release|Any CPU.ActiveCfg = Release|Any CPU
		{253BE8C8-865C-48F6-8BF3-BA1FBFE30F91}.Release|Any CPU.Build.0 = Release|Any CPU
		{DBB50FD1-0DF2-4B9D-A3B6-4152190C09D1}.Debug|Any CPU.ActiveCfg = Debug|Any CPU
		{DBB50FD1-0DF2-4B9D-A3B6-4152190C09D1}.Debug|Any CPU.Build.0 = Debug|Any CPU
		{DBB50FD1-0DF2-4B9D-A3B6-4152190C09D1}.Release|Any CPU.ActiveCfg = Release|Any CPU
		{DBB50FD1-0DF2-4B9D-A3B6-4152190C09D1}.Release|Any CPU.Build.0 = Release|Any CPU
		{FBB9883D-50FA-4AFB-9155-711B6B340ACE}.Debug|Any CPU.ActiveCfg = Debug|Any CPU
		{FBB9883D-50FA-4AFB-9155-711B6B340ACE}.Debug|Any CPU.Build.0 = Debug|Any CPU
		{FBB9883D-50FA-4AFB-9155-711B6B340ACE}.Release|Any CPU.ActiveCfg = Release|Any CPU
		{FBB9883D-50FA-4AFB-9155-711B6B340ACE}.Release|Any CPU.Build.0 = Release|Any CPU
		{5959593D-9565-46CD-BE35-983E93145117}.Debug|Any CPU.ActiveCfg = Debug|Any CPU
		{5959593D-9565-46CD-BE35-983E93145117}.Debug|Any CPU.Build.0 = Debug|Any CPU
		{5959593D-9565-46CD-BE35-983E93145117}.Release|Any CPU.ActiveCfg = Release|Any CPU
		{5959593D-9565-46CD-BE35-983E93145117}.Release|Any CPU.Build.0 = Release|Any CPU
		{51B15253-D924-4F13-BB50-25B221CBC86B}.Debug|Any CPU.ActiveCfg = Debug|Any CPU
		{51B15253-D924-4F13-BB50-25B221CBC86B}.Debug|Any CPU.Build.0 = Debug|Any CPU
		{51B15253-D924-4F13-BB50-25B221CBC86B}.Release|Any CPU.ActiveCfg = Release|Any CPU
		{51B15253-D924-4F13-BB50-25B221CBC86B}.Release|Any CPU.Build.0 = Release|Any CPU
		{130FE00A-39E7-4462-A52A-5614B4F5CF74}.Debug|Any CPU.ActiveCfg = Debug|Any CPU
		{130FE00A-39E7-4462-A52A-5614B4F5CF74}.Debug|Any CPU.Build.0 = Debug|Any CPU
		{130FE00A-39E7-4462-A52A-5614B4F5CF74}.Release|Any CPU.ActiveCfg = Release|Any CPU
		{130FE00A-39E7-4462-A52A-5614B4F5CF74}.Release|Any CPU.Build.0 = Release|Any CPU
		{DA94C957-0878-4AC5-9275-A29114134B58}.Debug|Any CPU.ActiveCfg = Debug|Any CPU
		{DA94C957-0878-4AC5-9275-A29114134B58}.Debug|Any CPU.Build.0 = Debug|Any CPU
		{DA94C957-0878-4AC5-9275-A29114134B58}.Release|Any CPU.ActiveCfg = Release|Any CPU
		{DA94C957-0878-4AC5-9275-A29114134B58}.Release|Any CPU.Build.0 = Release|Any CPU
		{AD5BC3BE-1A4B-48D7-8B93-AC5EA8B3D0E1}.Debug|Any CPU.ActiveCfg = Debug|Any CPU
		{AD5BC3BE-1A4B-48D7-8B93-AC5EA8B3D0E1}.Debug|Any CPU.Build.0 = Debug|Any CPU
		{AD5BC3BE-1A4B-48D7-8B93-AC5EA8B3D0E1}.Release|Any CPU.ActiveCfg = Release|Any CPU
		{AD5BC3BE-1A4B-48D7-8B93-AC5EA8B3D0E1}.Release|Any CPU.Build.0 = Release|Any CPU
		{068D257F-C93F-47EC-ACC6-5DBC014B2683}.Debug|Any CPU.ActiveCfg = Debug|Any CPU
		{068D257F-C93F-47EC-ACC6-5DBC014B2683}.Debug|Any CPU.Build.0 = Debug|Any CPU
		{068D257F-C93F-47EC-ACC6-5DBC014B2683}.Release|Any CPU.ActiveCfg = Release|Any CPU
		{068D257F-C93F-47EC-ACC6-5DBC014B2683}.Release|Any CPU.Build.0 = Release|Any CPU
		{06BA183D-4201-4954-8609-A543FD863211}.Debug|Any CPU.ActiveCfg = Debug|Any CPU
		{06BA183D-4201-4954-8609-A543FD863211}.Debug|Any CPU.Build.0 = Debug|Any CPU
		{06BA183D-4201-4954-8609-A543FD863211}.Release|Any CPU.ActiveCfg = Release|Any CPU
		{06BA183D-4201-4954-8609-A543FD863211}.Release|Any CPU.Build.0 = Release|Any CPU
		{4727780E-A4BE-46E3-B414-BD3A8BDD5BD0}.Debug|Any CPU.ActiveCfg = Debug|Any CPU
		{4727780E-A4BE-46E3-B414-BD3A8BDD5BD0}.Debug|Any CPU.Build.0 = Debug|Any CPU
		{4727780E-A4BE-46E3-B414-BD3A8BDD5BD0}.Release|Any CPU.ActiveCfg = Release|Any CPU
		{4727780E-A4BE-46E3-B414-BD3A8BDD5BD0}.Release|Any CPU.Build.0 = Release|Any CPU
		{B32E9F62-6340-4F2F-BDE2-126B8E1BA1C7}.Debug|Any CPU.ActiveCfg = Debug|Any CPU
		{B32E9F62-6340-4F2F-BDE2-126B8E1BA1C7}.Debug|Any CPU.Build.0 = Debug|Any CPU
		{B32E9F62-6340-4F2F-BDE2-126B8E1BA1C7}.Release|Any CPU.ActiveCfg = Release|Any CPU
		{B32E9F62-6340-4F2F-BDE2-126B8E1BA1C7}.Release|Any CPU.Build.0 = Release|Any CPU
	EndGlobalSection
	GlobalSection(SolutionProperties) = preSolution
		HideSolutionNode = FALSE
	EndGlobalSection
	GlobalSection(ExtensibilityGlobals) = postSolution
		VisualSVNWorkingCopyRoot = .
		SolutionGuid = {EF7208FB-6259-4E54-B98D-64AE25FD4966}
	EndGlobalSection
EndGlobal
